// !$*UTF8*$!
{
	archiveVersion = 1;
	classes = {
	};
	objectVersion = 55;
	objects = {

/* Begin PBXBuildFile section */
		5D4063EF50A315A5BDC874F0 /* libPods-PokemonTestAppTests.a in Frameworks */ = {isa = PBXBuildFile; fileRef = 1D36A58F37482EC17F5C6F54 /* libPods-PokemonTestAppTests.a */; };
		89CA42FF2915AF0800CD865A /* AppDelegate.swift in Sources */ = {isa = PBXBuildFile; fileRef = 89CA42FE2915AF0800CD865A /* AppDelegate.swift */; };
		89CA43092915AF0800CD865A /* PokemonTestApp.xcdatamodeld in Sources */ = {isa = PBXBuildFile; fileRef = 89CA43072915AF0800CD865A /* PokemonTestApp.xcdatamodeld */; };
		89CA430B2915AF0900CD865A /* Assets.xcassets in Resources */ = {isa = PBXBuildFile; fileRef = 89CA430A2915AF0900CD865A /* Assets.xcassets */; };
		89CA430E2915AF0900CD865A /* LaunchScreen.storyboard in Resources */ = {isa = PBXBuildFile; fileRef = 89CA430C2915AF0900CD865A /* LaunchScreen.storyboard */; };
		89CA43172915DF8100CD865A /* EndpointProtocol.swift in Sources */ = {isa = PBXBuildFile; fileRef = 89CA43162915DF8100CD865A /* EndpointProtocol.swift */; };
		89CA43192915DF8D00CD865A /* NetworkManager.swift in Sources */ = {isa = PBXBuildFile; fileRef = 89CA43182915DF8D00CD865A /* NetworkManager.swift */; };
		89CA431C2915E84B00CD865A /* PokemonModel.swift in Sources */ = {isa = PBXBuildFile; fileRef = 89CA431B2915E84B00CD865A /* PokemonModel.swift */; };
		89CA431E2915F56100CD865A /* PokemonListEndpoint.swift in Sources */ = {isa = PBXBuildFile; fileRef = 89CA431D2915F56100CD865A /* PokemonListEndpoint.swift */; };
		89CA43232915FA9900CD865A /* PokemonListCell.swift in Sources */ = {isa = PBXBuildFile; fileRef = 89CA43222915FA9900CD865A /* PokemonListCell.swift */; };
		89CA43262915FD2200CD865A /* Fonts.swift in Sources */ = {isa = PBXBuildFile; fileRef = 89CA43252915FD2200CD865A /* Fonts.swift */; };
		89CA43282915FD3000CD865A /* Colors.swift in Sources */ = {isa = PBXBuildFile; fileRef = 89CA43272915FD3000CD865A /* Colors.swift */; };
		89CA432A2915FD3900CD865A /* Images.swift in Sources */ = {isa = PBXBuildFile; fileRef = 89CA43292915FD3900CD865A /* Images.swift */; };
		89CA432C291604A100CD865A /* PokemonListCellStructure.swift in Sources */ = {isa = PBXBuildFile; fileRef = 89CA432B291604A100CD865A /* PokemonListCellStructure.swift */; };
		89CA432E291606FF00CD865A /* PokemonListRepository.swift in Sources */ = {isa = PBXBuildFile; fileRef = 89CA432D291606FF00CD865A /* PokemonListRepository.swift */; };
		89CA4331291615F500CD865A /* UrlFormatter.swift in Sources */ = {isa = PBXBuildFile; fileRef = 89CA4330291615F500CD865A /* UrlFormatter.swift */; };
		89CA433329167B2000CD865A /* PokemonListViewController.swift in Sources */ = {isa = PBXBuildFile; fileRef = 89CA433229167B2000CD865A /* PokemonListViewController.swift */; };
		89CA43352916839D00CD865A /* PokemonListViewController+Extension.swift in Sources */ = {isa = PBXBuildFile; fileRef = 89CA43342916839D00CD865A /* PokemonListViewController+Extension.swift */; };
		89CA43372916853800CD865A /* PokemonListViewController+CollectionView.swift in Sources */ = {isa = PBXBuildFile; fileRef = 89CA43362916853800CD865A /* PokemonListViewController+CollectionView.swift */; };
		89CA433929168DA700CD865A /* PokemonListView.swift in Sources */ = {isa = PBXBuildFile; fileRef = 89CA433829168DA700CD865A /* PokemonListView.swift */; };
		89CA433B29168F9F00CD865A /* PokemonListPresenter.swift in Sources */ = {isa = PBXBuildFile; fileRef = 89CA433A29168F9F00CD865A /* PokemonListPresenter.swift */; };
		89CA433D29169C4400CD865A /* PokemonListBuilder.swift in Sources */ = {isa = PBXBuildFile; fileRef = 89CA433C29169C4400CD865A /* PokemonListBuilder.swift */; };
		89CA4340291957B900CD865A /* String+Extension.swift in Sources */ = {isa = PBXBuildFile; fileRef = 89CA433F291957B900CD865A /* String+Extension.swift */; };
		89CA43432919660900CD865A /* PokemonDetailsModel.swift in Sources */ = {isa = PBXBuildFile; fileRef = 89CA43422919660900CD865A /* PokemonDetailsModel.swift */; };
		89CA434529196CB700CD865A /* PokemonDetailsEndpoint.swift in Sources */ = {isa = PBXBuildFile; fileRef = 89CA434429196CB700CD865A /* PokemonDetailsEndpoint.swift */; };
		89CA434929196F0900CD865A /* PokemonDetailsStructure.swift in Sources */ = {isa = PBXBuildFile; fileRef = 89CA434829196F0900CD865A /* PokemonDetailsStructure.swift */; };
		89CA434B29197AF100CD865A /* PokemonDetailsView.swift in Sources */ = {isa = PBXBuildFile; fileRef = 89CA434A29197AF100CD865A /* PokemonDetailsView.swift */; };
		89CA434D291982F200CD865A /* PokemonDetailsViewController.swift in Sources */ = {isa = PBXBuildFile; fileRef = 89CA434C291982F200CD865A /* PokemonDetailsViewController.swift */; };
		89CA434F2919844600CD865A /* PokemonDetailsPresenter.swift in Sources */ = {isa = PBXBuildFile; fileRef = 89CA434E2919844600CD865A /* PokemonDetailsPresenter.swift */; };
		89CA4351291985AE00CD865A /* PokemonDetailsViewController+Extension.swift in Sources */ = {isa = PBXBuildFile; fileRef = 89CA4350291985AE00CD865A /* PokemonDetailsViewController+Extension.swift */; };
		89CA4353291987D500CD865A /* PokemonDetailsBuilder.swift in Sources */ = {isa = PBXBuildFile; fileRef = 89CA4352291987D500CD865A /* PokemonDetailsBuilder.swift */; };
		89CA435529198BA200CD865A /* UIView+Extension.swift in Sources */ = {isa = PBXBuildFile; fileRef = 89CA435429198BA200CD865A /* UIView+Extension.swift */; };
		89CA43582919990A00CD865A /* NavBarFormatter.swift in Sources */ = {isa = PBXBuildFile; fileRef = 89CA43572919990A00CD865A /* NavBarFormatter.swift */; };
		89CA435A2919CEF700CD865A /* PokemonOfficialTypesEnum.swift in Sources */ = {isa = PBXBuildFile; fileRef = 89CA43592919CEF700CD865A /* PokemonOfficialTypesEnum.swift */; };
		89CA43622919F68F00CD865A /* PokemonListViewDelegate.swift in Sources */ = {isa = PBXBuildFile; fileRef = 89CA43612919F68F00CD865A /* PokemonListViewDelegate.swift */; };
		89CA4372291A31C900CD865A /* Contents.swift in Sources */ = {isa = PBXBuildFile; fileRef = 89CA4371291A31C900CD865A /* Contents.swift */; };
		89CA4374291DC09800CD865A /* Constants.swift in Sources */ = {isa = PBXBuildFile; fileRef = 89CA4373291DC09800CD865A /* Constants.swift */; };
		89CA43762924DC8F00CD865A /* AlertManager.swift in Sources */ = {isa = PBXBuildFile; fileRef = 89CA43752924DC8F00CD865A /* AlertManager.swift */; };
		89CA4399292C1FF900CD865A /* CollectionViewInteractionEnum.swift in Sources */ = {isa = PBXBuildFile; fileRef = 89CA4398292C1FF900CD865A /* CollectionViewInteractionEnum.swift */; };
		89CA439F292C500800CD865A /* TestingEndpoint.swift in Sources */ = {isa = PBXBuildFile; fileRef = 89CA4393292503C600CD865A /* TestingEndpoint.swift */; };
		89CA43A5292C5CD600CD865A /* CoreDataProvider.swift in Sources */ = {isa = PBXBuildFile; fileRef = 89CA43A4292C5CD600CD865A /* CoreDataProvider.swift */; };
		89CA43A9292C663100CD865A /* PokemonListCoreData.swift in Sources */ = {isa = PBXBuildFile; fileRef = 89CA43A8292C663100CD865A /* PokemonListCoreData.swift */; };
		89CA43AE292E893500CD865A /* CoreDataErrorEnum.swift in Sources */ = {isa = PBXBuildFile; fileRef = 89CA43AD292E893500CD865A /* CoreDataErrorEnum.swift */; };
		89CA43B0292EA4D800CD865A /* PokemonDetailsCoreData.swift in Sources */ = {isa = PBXBuildFile; fileRef = 89CA43AF292EA4D800CD865A /* PokemonDetailsCoreData.swift */; };
		89CA43B2292EBFA500CD865A /* TestingPokemonListPresenter.swift in Sources */ = {isa = PBXBuildFile; fileRef = 89CA43B1292EBFA500CD865A /* TestingPokemonListPresenter.swift */; };
		89CA43B5292ECACD00CD865A /* MockPokemonListRepository.swift in Sources */ = {isa = PBXBuildFile; fileRef = 89CA43B4292ECACD00CD865A /* MockPokemonListRepository.swift */; };
		89CA43B7292ECB1A00CD865A /* MockPokemonListView.swift in Sources */ = {isa = PBXBuildFile; fileRef = 89CA43B6292ECB1A00CD865A /* MockPokemonListView.swift */; };
		89CA43BE292EDA4200CD865A /* MockPokemonListPresenter.swift in Sources */ = {isa = PBXBuildFile; fileRef = 89CA43BD292EDA4200CD865A /* MockPokemonListPresenter.swift */; };
		89CA43CB292EE15A00CD865A /* pokemons.json in Resources */ = {isa = PBXBuildFile; fileRef = 89CA43CA292EE15A00CD865A /* pokemons.json */; };
		89CA43D7292EE38700CD865A /* pokemons.json in Resources */ = {isa = PBXBuildFile; fileRef = 89CA43CA292EE15A00CD865A /* pokemons.json */; };
		FE81D6DB08E9F922BEA5E3B5 /* Pods_PokemonTestApp.framework in Frameworks */ = {isa = PBXBuildFile; fileRef = E129D7140F3D153BD18727E0 /* Pods_PokemonTestApp.framework */; };
/* End PBXBuildFile section */

/* Begin PBXContainerItemProxy section */
		89CA43822924E74F00CD865A /* PBXContainerItemProxy */ = {
			isa = PBXContainerItemProxy;
			containerPortal = 89CA42F32915AF0800CD865A /* Project object */;
			proxyType = 1;
			remoteGlobalIDString = 89CA42FA2915AF0800CD865A;
			remoteInfo = PokemonTestApp;
		};
/* End PBXContainerItemProxy section */

/* Begin PBXFileReference section */
		1D36A58F37482EC17F5C6F54 /* libPods-PokemonTestAppTests.a */ = {isa = PBXFileReference; explicitFileType = archive.ar; includeInIndex = 0; path = "libPods-PokemonTestAppTests.a"; sourceTree = BUILT_PRODUCTS_DIR; };
		89CA42FB2915AF0800CD865A /* PokemonTestApp.app */ = {isa = PBXFileReference; explicitFileType = wrapper.application; includeInIndex = 0; path = PokemonTestApp.app; sourceTree = BUILT_PRODUCTS_DIR; };
		89CA42FE2915AF0800CD865A /* AppDelegate.swift */ = {isa = PBXFileReference; lastKnownFileType = sourcecode.swift; path = AppDelegate.swift; sourceTree = "<group>"; };
		89CA43082915AF0800CD865A /* PokemonTestApp.xcdatamodel */ = {isa = PBXFileReference; lastKnownFileType = wrapper.xcdatamodel; path = PokemonTestApp.xcdatamodel; sourceTree = "<group>"; };
		89CA430A2915AF0900CD865A /* Assets.xcassets */ = {isa = PBXFileReference; lastKnownFileType = folder.assetcatalog; path = Assets.xcassets; sourceTree = "<group>"; };
		89CA430D2915AF0900CD865A /* Base */ = {isa = PBXFileReference; lastKnownFileType = file.storyboard; name = Base; path = Base.lproj/LaunchScreen.storyboard; sourceTree = "<group>"; };
		89CA430F2915AF0900CD865A /* Info.plist */ = {isa = PBXFileReference; lastKnownFileType = text.plist.xml; path = Info.plist; sourceTree = "<group>"; };
		89CA43162915DF8100CD865A /* EndpointProtocol.swift */ = {isa = PBXFileReference; lastKnownFileType = sourcecode.swift; path = EndpointProtocol.swift; sourceTree = "<group>"; };
		89CA43182915DF8D00CD865A /* NetworkManager.swift */ = {isa = PBXFileReference; lastKnownFileType = sourcecode.swift; path = NetworkManager.swift; sourceTree = "<group>"; };
		89CA431B2915E84B00CD865A /* PokemonModel.swift */ = {isa = PBXFileReference; lastKnownFileType = sourcecode.swift; path = PokemonModel.swift; sourceTree = "<group>"; };
		89CA431D2915F56100CD865A /* PokemonListEndpoint.swift */ = {isa = PBXFileReference; lastKnownFileType = sourcecode.swift; path = PokemonListEndpoint.swift; sourceTree = "<group>"; };
		89CA43222915FA9900CD865A /* PokemonListCell.swift */ = {isa = PBXFileReference; lastKnownFileType = sourcecode.swift; path = PokemonListCell.swift; sourceTree = "<group>"; };
		89CA43252915FD2200CD865A /* Fonts.swift */ = {isa = PBXFileReference; lastKnownFileType = sourcecode.swift; path = Fonts.swift; sourceTree = "<group>"; };
		89CA43272915FD3000CD865A /* Colors.swift */ = {isa = PBXFileReference; lastKnownFileType = sourcecode.swift; path = Colors.swift; sourceTree = "<group>"; };
		89CA43292915FD3900CD865A /* Images.swift */ = {isa = PBXFileReference; lastKnownFileType = sourcecode.swift; path = Images.swift; sourceTree = "<group>"; };
		89CA432B291604A100CD865A /* PokemonListCellStructure.swift */ = {isa = PBXFileReference; lastKnownFileType = sourcecode.swift; path = PokemonListCellStructure.swift; sourceTree = "<group>"; };
		89CA432D291606FF00CD865A /* PokemonListRepository.swift */ = {isa = PBXFileReference; lastKnownFileType = sourcecode.swift; path = PokemonListRepository.swift; sourceTree = "<group>"; };
		89CA4330291615F500CD865A /* UrlFormatter.swift */ = {isa = PBXFileReference; lastKnownFileType = sourcecode.swift; path = UrlFormatter.swift; sourceTree = "<group>"; };
		89CA433229167B2000CD865A /* PokemonListViewController.swift */ = {isa = PBXFileReference; lastKnownFileType = sourcecode.swift; path = PokemonListViewController.swift; sourceTree = "<group>"; };
		89CA43342916839D00CD865A /* PokemonListViewController+Extension.swift */ = {isa = PBXFileReference; lastKnownFileType = sourcecode.swift; path = "PokemonListViewController+Extension.swift"; sourceTree = "<group>"; };
		89CA43362916853800CD865A /* PokemonListViewController+CollectionView.swift */ = {isa = PBXFileReference; lastKnownFileType = sourcecode.swift; path = "PokemonListViewController+CollectionView.swift"; sourceTree = "<group>"; };
		89CA433829168DA700CD865A /* PokemonListView.swift */ = {isa = PBXFileReference; lastKnownFileType = sourcecode.swift; path = PokemonListView.swift; sourceTree = "<group>"; };
		89CA433A29168F9F00CD865A /* PokemonListPresenter.swift */ = {isa = PBXFileReference; lastKnownFileType = sourcecode.swift; path = PokemonListPresenter.swift; sourceTree = "<group>"; };
		89CA433C29169C4400CD865A /* PokemonListBuilder.swift */ = {isa = PBXFileReference; lastKnownFileType = sourcecode.swift; path = PokemonListBuilder.swift; sourceTree = "<group>"; };
		89CA433F291957B900CD865A /* String+Extension.swift */ = {isa = PBXFileReference; lastKnownFileType = sourcecode.swift; path = "String+Extension.swift"; sourceTree = "<group>"; };
		89CA43422919660900CD865A /* PokemonDetailsModel.swift */ = {isa = PBXFileReference; lastKnownFileType = sourcecode.swift; path = PokemonDetailsModel.swift; sourceTree = "<group>"; };
		89CA434429196CB700CD865A /* PokemonDetailsEndpoint.swift */ = {isa = PBXFileReference; lastKnownFileType = sourcecode.swift; path = PokemonDetailsEndpoint.swift; sourceTree = "<group>"; };
		89CA434829196F0900CD865A /* PokemonDetailsStructure.swift */ = {isa = PBXFileReference; lastKnownFileType = sourcecode.swift; path = PokemonDetailsStructure.swift; sourceTree = "<group>"; };
		89CA434A29197AF100CD865A /* PokemonDetailsView.swift */ = {isa = PBXFileReference; lastKnownFileType = sourcecode.swift; path = PokemonDetailsView.swift; sourceTree = "<group>"; };
		89CA434C291982F200CD865A /* PokemonDetailsViewController.swift */ = {isa = PBXFileReference; lastKnownFileType = sourcecode.swift; path = PokemonDetailsViewController.swift; sourceTree = "<group>"; };
		89CA434E2919844600CD865A /* PokemonDetailsPresenter.swift */ = {isa = PBXFileReference; lastKnownFileType = sourcecode.swift; path = PokemonDetailsPresenter.swift; sourceTree = "<group>"; };
		89CA4350291985AE00CD865A /* PokemonDetailsViewController+Extension.swift */ = {isa = PBXFileReference; lastKnownFileType = sourcecode.swift; path = "PokemonDetailsViewController+Extension.swift"; sourceTree = "<group>"; };
		89CA4352291987D500CD865A /* PokemonDetailsBuilder.swift */ = {isa = PBXFileReference; lastKnownFileType = sourcecode.swift; path = PokemonDetailsBuilder.swift; sourceTree = "<group>"; };
		89CA435429198BA200CD865A /* UIView+Extension.swift */ = {isa = PBXFileReference; lastKnownFileType = sourcecode.swift; path = "UIView+Extension.swift"; sourceTree = "<group>"; };
		89CA43572919990A00CD865A /* NavBarFormatter.swift */ = {isa = PBXFileReference; lastKnownFileType = sourcecode.swift; path = NavBarFormatter.swift; sourceTree = "<group>"; };
		89CA43592919CEF700CD865A /* PokemonOfficialTypesEnum.swift */ = {isa = PBXFileReference; lastKnownFileType = sourcecode.swift; path = PokemonOfficialTypesEnum.swift; sourceTree = "<group>"; };
		89CA43612919F68F00CD865A /* PokemonListViewDelegate.swift */ = {isa = PBXFileReference; lastKnownFileType = sourcecode.swift; path = PokemonListViewDelegate.swift; sourceTree = "<group>"; };
		89CA4371291A31C900CD865A /* Contents.swift */ = {isa = PBXFileReference; lastKnownFileType = sourcecode.swift; path = Contents.swift; sourceTree = "<group>"; };
		89CA4373291DC09800CD865A /* Constants.swift */ = {isa = PBXFileReference; lastKnownFileType = sourcecode.swift; path = Constants.swift; sourceTree = "<group>"; };
		89CA43752924DC8F00CD865A /* AlertManager.swift */ = {isa = PBXFileReference; lastKnownFileType = sourcecode.swift; path = AlertManager.swift; sourceTree = "<group>"; };
		89CA437E2924E74F00CD865A /* PokemonTestAppTests.xctest */ = {isa = PBXFileReference; explicitFileType = wrapper.cfbundle; includeInIndex = 0; path = PokemonTestAppTests.xctest; sourceTree = BUILT_PRODUCTS_DIR; };
		89CA438D2925013F00CD865A /* Alamofire.framework */ = {isa = PBXFileReference; explicitFileType = wrapper.framework; path = Alamofire.framework; sourceTree = BUILT_PRODUCTS_DIR; };
		89CA438F292501D500CD865A /* Alamofire.framework */ = {isa = PBXFileReference; explicitFileType = wrapper.framework; path = Alamofire.framework; sourceTree = BUILT_PRODUCTS_DIR; };
		89CA4393292503C600CD865A /* TestingEndpoint.swift */ = {isa = PBXFileReference; lastKnownFileType = sourcecode.swift; path = TestingEndpoint.swift; sourceTree = "<group>"; };
		89CA43952925054500CD865A /* Alamofire.framework */ = {isa = PBXFileReference; explicitFileType = wrapper.framework; path = Alamofire.framework; sourceTree = BUILT_PRODUCTS_DIR; };
		89CA4398292C1FF900CD865A /* CollectionViewInteractionEnum.swift */ = {isa = PBXFileReference; lastKnownFileType = sourcecode.swift; path = CollectionViewInteractionEnum.swift; sourceTree = "<group>"; };
		89CA439A292C4CD200CD865A /* Alamofire.framework */ = {isa = PBXFileReference; explicitFileType = wrapper.framework; path = Alamofire.framework; sourceTree = BUILT_PRODUCTS_DIR; };
		89CA43A4292C5CD600CD865A /* CoreDataProvider.swift */ = {isa = PBXFileReference; lastKnownFileType = sourcecode.swift; path = CoreDataProvider.swift; sourceTree = "<group>"; };
		89CA43A8292C663100CD865A /* PokemonListCoreData.swift */ = {isa = PBXFileReference; lastKnownFileType = sourcecode.swift; path = PokemonListCoreData.swift; sourceTree = "<group>"; };
		89CA43AD292E893500CD865A /* CoreDataErrorEnum.swift */ = {isa = PBXFileReference; lastKnownFileType = sourcecode.swift; path = CoreDataErrorEnum.swift; sourceTree = "<group>"; };
		89CA43AF292EA4D800CD865A /* PokemonDetailsCoreData.swift */ = {isa = PBXFileReference; lastKnownFileType = sourcecode.swift; path = PokemonDetailsCoreData.swift; sourceTree = "<group>"; };
		89CA43B1292EBFA500CD865A /* TestingPokemonListPresenter.swift */ = {isa = PBXFileReference; lastKnownFileType = sourcecode.swift; path = TestingPokemonListPresenter.swift; sourceTree = "<group>"; };
		89CA43B4292ECACD00CD865A /* MockPokemonListRepository.swift */ = {isa = PBXFileReference; lastKnownFileType = sourcecode.swift; path = MockPokemonListRepository.swift; sourceTree = "<group>"; };
		89CA43B6292ECB1A00CD865A /* MockPokemonListView.swift */ = {isa = PBXFileReference; lastKnownFileType = sourcecode.swift; path = MockPokemonListView.swift; sourceTree = "<group>"; };
		89CA43BD292EDA4200CD865A /* MockPokemonListPresenter.swift */ = {isa = PBXFileReference; lastKnownFileType = sourcecode.swift; path = MockPokemonListPresenter.swift; sourceTree = "<group>"; };
		89CA43CA292EE15A00CD865A /* pokemons.json */ = {isa = PBXFileReference; lastKnownFileType = text.json; path = pokemons.json; sourceTree = "<group>"; };
		A10C0C162C5737653CA69B0B /* Pods-PokemonTestApp.release.xcconfig */ = {isa = PBXFileReference; includeInIndex = 1; lastKnownFileType = text.xcconfig; name = "Pods-PokemonTestApp.release.xcconfig"; path = "Target Support Files/Pods-PokemonTestApp/Pods-PokemonTestApp.release.xcconfig"; sourceTree = "<group>"; };
		C1DC9B4BD0EC5EE7F9C72FC3 /* Pods-PokemonTestAppTests.release.xcconfig */ = {isa = PBXFileReference; includeInIndex = 1; lastKnownFileType = text.xcconfig; name = "Pods-PokemonTestAppTests.release.xcconfig"; path = "Target Support Files/Pods-PokemonTestAppTests/Pods-PokemonTestAppTests.release.xcconfig"; sourceTree = "<group>"; };
		C594D7FEF5575C1FA275CED4 /* Pods-PokemonTestAppTests.debug.xcconfig */ = {isa = PBXFileReference; includeInIndex = 1; lastKnownFileType = text.xcconfig; name = "Pods-PokemonTestAppTests.debug.xcconfig"; path = "Target Support Files/Pods-PokemonTestAppTests/Pods-PokemonTestAppTests.debug.xcconfig"; sourceTree = "<group>"; };
		E129D7140F3D153BD18727E0 /* Pods_PokemonTestApp.framework */ = {isa = PBXFileReference; explicitFileType = wrapper.framework; includeInIndex = 0; path = Pods_PokemonTestApp.framework; sourceTree = BUILT_PRODUCTS_DIR; };
		E548DEE7CA66163A11345577 /* Pods-PokemonTestApp.debug.xcconfig */ = {isa = PBXFileReference; includeInIndex = 1; lastKnownFileType = text.xcconfig; name = "Pods-PokemonTestApp.debug.xcconfig"; path = "Target Support Files/Pods-PokemonTestApp/Pods-PokemonTestApp.debug.xcconfig"; sourceTree = "<group>"; };
/* End PBXFileReference section */

/* Begin PBXFrameworksBuildPhase section */
		89CA42F82915AF0800CD865A /* Frameworks */ = {
			isa = PBXFrameworksBuildPhase;
			buildActionMask = 2147483647;
			files = (
				FE81D6DB08E9F922BEA5E3B5 /* Pods_PokemonTestApp.framework in Frameworks */,
			);
			runOnlyForDeploymentPostprocessing = 0;
		};
		89CA437B2924E74F00CD865A /* Frameworks */ = {
			isa = PBXFrameworksBuildPhase;
			buildActionMask = 2147483647;
			files = (
				5D4063EF50A315A5BDC874F0 /* libPods-PokemonTestAppTests.a in Frameworks */,
			);
			runOnlyForDeploymentPostprocessing = 0;
		};
/* End PBXFrameworksBuildPhase section */

/* Begin PBXGroup section */
		0752AEBC15A56FE9DB6B7436 /* Pods */ = {
			isa = PBXGroup;
			children = (
				E548DEE7CA66163A11345577 /* Pods-PokemonTestApp.debug.xcconfig */,
				A10C0C162C5737653CA69B0B /* Pods-PokemonTestApp.release.xcconfig */,
				C594D7FEF5575C1FA275CED4 /* Pods-PokemonTestAppTests.debug.xcconfig */,
				C1DC9B4BD0EC5EE7F9C72FC3 /* Pods-PokemonTestAppTests.release.xcconfig */,
			);
			path = Pods;
			sourceTree = "<group>";
		};
		14D7FE2146EA15515858B50C /* Frameworks */ = {
			isa = PBXGroup;
			children = (
				89CA439A292C4CD200CD865A /* Alamofire.framework */,
				89CA43952925054500CD865A /* Alamofire.framework */,
				89CA438F292501D500CD865A /* Alamofire.framework */,
				89CA438D2925013F00CD865A /* Alamofire.framework */,
				E129D7140F3D153BD18727E0 /* Pods_PokemonTestApp.framework */,
				1D36A58F37482EC17F5C6F54 /* libPods-PokemonTestAppTests.a */,
			);
			name = Frameworks;
			sourceTree = "<group>";
		};
		89CA42F22915AF0800CD865A = {
			isa = PBXGroup;
			children = (
				89CA42FD2915AF0800CD865A /* PokemonTestApp */,
				89CA437F2924E74F00CD865A /* PokemonTestAppTests */,
				89CA42FC2915AF0800CD865A /* Products */,
				0752AEBC15A56FE9DB6B7436 /* Pods */,
				14D7FE2146EA15515858B50C /* Frameworks */,
			);
			sourceTree = "<group>";
		};
		89CA42FC2915AF0800CD865A /* Products */ = {
			isa = PBXGroup;
			children = (
				89CA42FB2915AF0800CD865A /* PokemonTestApp.app */,
				89CA437E2924E74F00CD865A /* PokemonTestAppTests.xctest */,
			);
			name = Products;
			sourceTree = "<group>";
		};
		89CA42FD2915AF0800CD865A /* PokemonTestApp */ = {
			isa = PBXGroup;
			children = (
				89CA4397292C1FE100CD865A /* Enums */,
				89CA433E291957A000CD865A /* Extensions */,
				89CA432F291615E900CD865A /* CustomTools */,
				89CA436E291A2C4B00CD865A /* CoreData */,
				89CA43152915DF7100CD865A /* NetworkTools */,
				89CA43242915FCE900CD865A /* ContentTemplates */,
				89CA431F2915F7F900CD865A /* PokemonScreen */,
				89CA431A2915E83C00CD865A /* Models */,
				89CA42FE2915AF0800CD865A /* AppDelegate.swift */,
				89CA430A2915AF0900CD865A /* Assets.xcassets */,
				89CA430C2915AF0900CD865A /* LaunchScreen.storyboard */,
				89CA430F2915AF0900CD865A /* Info.plist */,
			);
			path = PokemonTestApp;
			sourceTree = "<group>";
		};
		89CA43152915DF7100CD865A /* NetworkTools */ = {
			isa = PBXGroup;
			children = (
				89CA43162915DF8100CD865A /* EndpointProtocol.swift */,
				89CA43182915DF8D00CD865A /* NetworkManager.swift */,
				89CA431D2915F56100CD865A /* PokemonListEndpoint.swift */,
				89CA434429196CB700CD865A /* PokemonDetailsEndpoint.swift */,
			);
			path = NetworkTools;
			sourceTree = "<group>";
		};
		89CA431A2915E83C00CD865A /* Models */ = {
			isa = PBXGroup;
			children = (
				89CA431B2915E84B00CD865A /* PokemonModel.swift */,
				89CA43422919660900CD865A /* PokemonDetailsModel.swift */,
			);
			path = Models;
			sourceTree = "<group>";
		};
		89CA431F2915F7F900CD865A /* PokemonScreen */ = {
			isa = PBXGroup;
			children = (
				89CA43202915F96E00CD865A /* PokemonListViewController */,
				89CA43412919653A00CD865A /* PokemonDetailsViewController */,
			);
			path = PokemonScreen;
			sourceTree = "<group>";
		};
		89CA43202915F96E00CD865A /* PokemonListViewController */ = {
			isa = PBXGroup;
			children = (
				89CA432D291606FF00CD865A /* PokemonListRepository.swift */,
				89CA433229167B2000CD865A /* PokemonListViewController.swift */,
				89CA43342916839D00CD865A /* PokemonListViewController+Extension.swift */,
				89CA43362916853800CD865A /* PokemonListViewController+CollectionView.swift */,
				89CA433829168DA700CD865A /* PokemonListView.swift */,
				89CA43612919F68F00CD865A /* PokemonListViewDelegate.swift */,
				89CA433A29168F9F00CD865A /* PokemonListPresenter.swift */,
				89CA433C29169C4400CD865A /* PokemonListBuilder.swift */,
				89CA43212915F9A700CD865A /* Cells */,
			);
			path = PokemonListViewController;
			sourceTree = "<group>";
		};
		89CA43212915F9A700CD865A /* Cells */ = {
			isa = PBXGroup;
			children = (
				89CA432B291604A100CD865A /* PokemonListCellStructure.swift */,
				89CA43222915FA9900CD865A /* PokemonListCell.swift */,
			);
			path = Cells;
			sourceTree = "<group>";
		};
		89CA43242915FCE900CD865A /* ContentTemplates */ = {
			isa = PBXGroup;
			children = (
				89CA43252915FD2200CD865A /* Fonts.swift */,
				89CA43272915FD3000CD865A /* Colors.swift */,
				89CA43292915FD3900CD865A /* Images.swift */,
				89CA4371291A31C900CD865A /* Contents.swift */,
				89CA4373291DC09800CD865A /* Constants.swift */,
			);
			path = ContentTemplates;
			sourceTree = "<group>";
		};
		89CA432F291615E900CD865A /* CustomTools */ = {
			isa = PBXGroup;
			children = (
				89CA4330291615F500CD865A /* UrlFormatter.swift */,
				89CA43572919990A00CD865A /* NavBarFormatter.swift */,
				89CA43752924DC8F00CD865A /* AlertManager.swift */,
			);
			path = CustomTools;
			sourceTree = "<group>";
		};
		89CA433E291957A000CD865A /* Extensions */ = {
			isa = PBXGroup;
			children = (
				89CA433F291957B900CD865A /* String+Extension.swift */,
				89CA435429198BA200CD865A /* UIView+Extension.swift */,
			);
			path = Extensions;
			sourceTree = "<group>";
		};
		89CA43412919653A00CD865A /* PokemonDetailsViewController */ = {
			isa = PBXGroup;
			children = (
				89CA434829196F0900CD865A /* PokemonDetailsStructure.swift */,
				89CA434C291982F200CD865A /* PokemonDetailsViewController.swift */,
				89CA4350291985AE00CD865A /* PokemonDetailsViewController+Extension.swift */,
				89CA434A29197AF100CD865A /* PokemonDetailsView.swift */,
				89CA434E2919844600CD865A /* PokemonDetailsPresenter.swift */,
				89CA4352291987D500CD865A /* PokemonDetailsBuilder.swift */,
			);
			path = PokemonDetailsViewController;
			sourceTree = "<group>";
		};
		89CA436E291A2C4B00CD865A /* CoreData */ = {
			isa = PBXGroup;
			children = (
				89CA43072915AF0800CD865A /* PokemonTestApp.xcdatamodeld */,
				89CA43A4292C5CD600CD865A /* CoreDataProvider.swift */,
				89CA43A8292C663100CD865A /* PokemonListCoreData.swift */,
				89CA43AF292EA4D800CD865A /* PokemonDetailsCoreData.swift */,
			);
			path = CoreData;
			sourceTree = "<group>";
		};
		89CA437F2924E74F00CD865A /* PokemonTestAppTests */ = {
			isa = PBXGroup;
			children = (
				89CA4393292503C600CD865A /* TestingEndpoint.swift */,
				89CA43B1292EBFA500CD865A /* TestingPokemonListPresenter.swift */,
				89CA43B3292ECAAE00CD865A /* Mocks */,
			);
			path = PokemonTestAppTests;
			sourceTree = "<group>";
		};
		89CA4397292C1FE100CD865A /* Enums */ = {
			isa = PBXGroup;
			children = (
				89CA43592919CEF700CD865A /* PokemonOfficialTypesEnum.swift */,
				89CA4398292C1FF900CD865A /* CollectionViewInteractionEnum.swift */,
				89CA43AD292E893500CD865A /* CoreDataErrorEnum.swift */,
			);
			path = Enums;
			sourceTree = "<group>";
		};
		89CA43B3292ECAAE00CD865A /* Mocks */ = {
			isa = PBXGroup;
			children = (
				89CA43BD292EDA4200CD865A /* MockPokemonListPresenter.swift */,
				89CA43B4292ECACD00CD865A /* MockPokemonListRepository.swift */,
				89CA43B6292ECB1A00CD865A /* MockPokemonListView.swift */,
				89CA43CA292EE15A00CD865A /* pokemons.json */,
			);
			path = Mocks;
			sourceTree = "<group>";
		};
/* End PBXGroup section */

/* Begin PBXNativeTarget section */
		89CA42FA2915AF0800CD865A /* PokemonTestApp */ = {
			isa = PBXNativeTarget;
			buildConfigurationList = 89CA43122915AF0900CD865A /* Build configuration list for PBXNativeTarget "PokemonTestApp" */;
			buildPhases = (
				52833362B19BEB6778678B6D /* [CP] Check Pods Manifest.lock */,
				89CA42F72915AF0800CD865A /* Sources */,
				89CA42F82915AF0800CD865A /* Frameworks */,
				89CA42F92915AF0800CD865A /* Resources */,
				A8DD73EE6AB40BC25072AF0A /* [CP] Embed Pods Frameworks */,
			);
			buildRules = (
			);
			dependencies = (
			);
			name = PokemonTestApp;
			productName = PokemonTestApp;
			productReference = 89CA42FB2915AF0800CD865A /* PokemonTestApp.app */;
			productType = "com.apple.product-type.application";
		};
		89CA437D2924E74F00CD865A /* PokemonTestAppTests */ = {
			isa = PBXNativeTarget;
			buildConfigurationList = 89CA43842924E74F00CD865A /* Build configuration list for PBXNativeTarget "PokemonTestAppTests" */;
			buildPhases = (
				7F3630B352A1914499486795 /* [CP] Check Pods Manifest.lock */,
				89CA437A2924E74F00CD865A /* Sources */,
				89CA437B2924E74F00CD865A /* Frameworks */,
				89CA437C2924E74F00CD865A /* Resources */,
			);
			buildRules = (
			);
			dependencies = (
				89CA43832924E74F00CD865A /* PBXTargetDependency */,
			);
			name = PokemonTestAppTests;
			productName = PokemonTestAppTests;
			productReference = 89CA437E2924E74F00CD865A /* PokemonTestAppTests.xctest */;
			productType = "com.apple.product-type.bundle.unit-test";
		};
/* End PBXNativeTarget section */

/* Begin PBXProject section */
		89CA42F32915AF0800CD865A /* Project object */ = {
			isa = PBXProject;
			attributes = {
				BuildIndependentTargetsInParallel = 1;
				LastSwiftUpdateCheck = 1410;
				LastUpgradeCheck = 1410;
				TargetAttributes = {
					89CA42FA2915AF0800CD865A = {
						CreatedOnToolsVersion = 14.1;
					};
					89CA437D2924E74F00CD865A = {
						CreatedOnToolsVersion = 14.1;
						TestTargetID = 89CA42FA2915AF0800CD865A;
					};
				};
			};
			buildConfigurationList = 89CA42F62915AF0800CD865A /* Build configuration list for PBXProject "PokemonTestApp" */;
			compatibilityVersion = "Xcode 13.0";
			developmentRegion = en;
			hasScannedForEncodings = 0;
			knownRegions = (
				en,
				Base,
			);
			mainGroup = 89CA42F22915AF0800CD865A;
			productRefGroup = 89CA42FC2915AF0800CD865A /* Products */;
			projectDirPath = "";
			projectRoot = "";
			targets = (
				89CA42FA2915AF0800CD865A /* PokemonTestApp */,
				89CA437D2924E74F00CD865A /* PokemonTestAppTests */,
			);
		};
/* End PBXProject section */

/* Begin PBXResourcesBuildPhase section */
		89CA42F92915AF0800CD865A /* Resources */ = {
			isa = PBXResourcesBuildPhase;
			buildActionMask = 2147483647;
			files = (
				89CA43D7292EE38700CD865A /* pokemons.json in Resources */,
				89CA430E2915AF0900CD865A /* LaunchScreen.storyboard in Resources */,
				89CA430B2915AF0900CD865A /* Assets.xcassets in Resources */,
			);
			runOnlyForDeploymentPostprocessing = 0;
		};
		89CA437C2924E74F00CD865A /* Resources */ = {
			isa = PBXResourcesBuildPhase;
			buildActionMask = 2147483647;
			files = (
				89CA43CB292EE15A00CD865A /* pokemons.json in Resources */,
			);
			runOnlyForDeploymentPostprocessing = 0;
		};
/* End PBXResourcesBuildPhase section */

/* Begin PBXShellScriptBuildPhase section */
		52833362B19BEB6778678B6D /* [CP] Check Pods Manifest.lock */ = {
			isa = PBXShellScriptBuildPhase;
			buildActionMask = 2147483647;
			files = (
			);
			inputFileListPaths = (
			);
			inputPaths = (
				"${PODS_PODFILE_DIR_PATH}/Podfile.lock",
				"${PODS_ROOT}/Manifest.lock",
			);
			name = "[CP] Check Pods Manifest.lock";
			outputFileListPaths = (
			);
			outputPaths = (
				"$(DERIVED_FILE_DIR)/Pods-PokemonTestApp-checkManifestLockResult.txt",
			);
			runOnlyForDeploymentPostprocessing = 0;
			shellPath = /bin/sh;
			shellScript = "diff \"${PODS_PODFILE_DIR_PATH}/Podfile.lock\" \"${PODS_ROOT}/Manifest.lock\" > /dev/null\nif [ $? != 0 ] ; then\n    # print error to STDERR\n    echo \"error: The sandbox is not in sync with the Podfile.lock. Run 'pod install' or update your CocoaPods installation.\" >&2\n    exit 1\nfi\n# This output is used by Xcode 'outputs' to avoid re-running this script phase.\necho \"SUCCESS\" > \"${SCRIPT_OUTPUT_FILE_0}\"\n";
			showEnvVarsInLog = 0;
		};
		7F3630B352A1914499486795 /* [CP] Check Pods Manifest.lock */ = {
			isa = PBXShellScriptBuildPhase;
			buildActionMask = 2147483647;
			files = (
			);
			inputFileListPaths = (
			);
			inputPaths = (
				"${PODS_PODFILE_DIR_PATH}/Podfile.lock",
				"${PODS_ROOT}/Manifest.lock",
			);
			name = "[CP] Check Pods Manifest.lock";
			outputFileListPaths = (
			);
			outputPaths = (
				"$(DERIVED_FILE_DIR)/Pods-PokemonTestAppTests-checkManifestLockResult.txt",
			);
			runOnlyForDeploymentPostprocessing = 0;
			shellPath = /bin/sh;
			shellScript = "diff \"${PODS_PODFILE_DIR_PATH}/Podfile.lock\" \"${PODS_ROOT}/Manifest.lock\" > /dev/null\nif [ $? != 0 ] ; then\n    # print error to STDERR\n    echo \"error: The sandbox is not in sync with the Podfile.lock. Run 'pod install' or update your CocoaPods installation.\" >&2\n    exit 1\nfi\n# This output is used by Xcode 'outputs' to avoid re-running this script phase.\necho \"SUCCESS\" > \"${SCRIPT_OUTPUT_FILE_0}\"\n";
			showEnvVarsInLog = 0;
		};
		A8DD73EE6AB40BC25072AF0A /* [CP] Embed Pods Frameworks */ = {
			isa = PBXShellScriptBuildPhase;
			buildActionMask = 2147483647;
			files = (
			);
			inputFileListPaths = (
				"${PODS_ROOT}/Target Support Files/Pods-PokemonTestApp/Pods-PokemonTestApp-frameworks-${CONFIGURATION}-input-files.xcfilelist",
			);
			name = "[CP] Embed Pods Frameworks";
			outputFileListPaths = (
				"${PODS_ROOT}/Target Support Files/Pods-PokemonTestApp/Pods-PokemonTestApp-frameworks-${CONFIGURATION}-output-files.xcfilelist",
			);
			runOnlyForDeploymentPostprocessing = 0;
			shellPath = /bin/sh;
			shellScript = "\"${PODS_ROOT}/Target Support Files/Pods-PokemonTestApp/Pods-PokemonTestApp-frameworks.sh\"\n";
			showEnvVarsInLog = 0;
		};
/* End PBXShellScriptBuildPhase section */

/* Begin PBXSourcesBuildPhase section */
		89CA42F72915AF0800CD865A /* Sources */ = {
			isa = PBXSourcesBuildPhase;
			buildActionMask = 2147483647;
			files = (
				89CA43352916839D00CD865A /* PokemonListViewController+Extension.swift in Sources */,
				89CA43172915DF8100CD865A /* EndpointProtocol.swift in Sources */,
				89CA434B29197AF100CD865A /* PokemonDetailsView.swift in Sources */,
				89CA434D291982F200CD865A /* PokemonDetailsViewController.swift in Sources */,
				89CA43AE292E893500CD865A /* CoreDataErrorEnum.swift in Sources */,
				89CA432E291606FF00CD865A /* PokemonListRepository.swift in Sources */,
				89CA433D29169C4400CD865A /* PokemonListBuilder.swift in Sources */,
				89CA4372291A31C900CD865A /* Contents.swift in Sources */,
				89CA43282915FD3000CD865A /* Colors.swift in Sources */,
				89CA43762924DC8F00CD865A /* AlertManager.swift in Sources */,
				89CA431E2915F56100CD865A /* PokemonListEndpoint.swift in Sources */,
				89CA4331291615F500CD865A /* UrlFormatter.swift in Sources */,
				89CA43582919990A00CD865A /* NavBarFormatter.swift in Sources */,
				89CA4351291985AE00CD865A /* PokemonDetailsViewController+Extension.swift in Sources */,
				89CA43A5292C5CD600CD865A /* CoreDataProvider.swift in Sources */,
				89CA432A2915FD3900CD865A /* Images.swift in Sources */,
				89CA4340291957B900CD865A /* String+Extension.swift in Sources */,
				89CA4353291987D500CD865A /* PokemonDetailsBuilder.swift in Sources */,
				89CA43372916853800CD865A /* PokemonListViewController+CollectionView.swift in Sources */,
				89CA43192915DF8D00CD865A /* NetworkManager.swift in Sources */,
				89CA43092915AF0800CD865A /* PokemonTestApp.xcdatamodeld in Sources */,
				89CA432C291604A100CD865A /* PokemonListCellStructure.swift in Sources */,
				89CA4374291DC09800CD865A /* Constants.swift in Sources */,
				89CA43622919F68F00CD865A /* PokemonListViewDelegate.swift in Sources */,
				89CA43232915FA9900CD865A /* PokemonListCell.swift in Sources */,
				89CA435529198BA200CD865A /* UIView+Extension.swift in Sources */,
				89CA43B0292EA4D800CD865A /* PokemonDetailsCoreData.swift in Sources */,
				89CA43432919660900CD865A /* PokemonDetailsModel.swift in Sources */,
				89CA434929196F0900CD865A /* PokemonDetailsStructure.swift in Sources */,
				89CA42FF2915AF0800CD865A /* AppDelegate.swift in Sources */,
				89CA43A9292C663100CD865A /* PokemonListCoreData.swift in Sources */,
				89CA4399292C1FF900CD865A /* CollectionViewInteractionEnum.swift in Sources */,
				89CA434F2919844600CD865A /* PokemonDetailsPresenter.swift in Sources */,
				89CA435A2919CEF700CD865A /* PokemonOfficialTypesEnum.swift in Sources */,
				89CA43262915FD2200CD865A /* Fonts.swift in Sources */,
				89CA433329167B2000CD865A /* PokemonListViewController.swift in Sources */,
				89CA433929168DA700CD865A /* PokemonListView.swift in Sources */,
				89CA434529196CB700CD865A /* PokemonDetailsEndpoint.swift in Sources */,
				89CA431C2915E84B00CD865A /* PokemonModel.swift in Sources */,
				89CA433B29168F9F00CD865A /* PokemonListPresenter.swift in Sources */,
			);
			runOnlyForDeploymentPostprocessing = 0;
		};
		89CA437A2924E74F00CD865A /* Sources */ = {
			isa = PBXSourcesBuildPhase;
			buildActionMask = 2147483647;
			files = (
				89CA43BE292EDA4200CD865A /* MockPokemonListPresenter.swift in Sources */,
				89CA439F292C500800CD865A /* TestingEndpoint.swift in Sources */,
				89CA43B2292EBFA500CD865A /* TestingPokemonListPresenter.swift in Sources */,
				89CA43B7292ECB1A00CD865A /* MockPokemonListView.swift in Sources */,
				89CA43B5292ECACD00CD865A /* MockPokemonListRepository.swift in Sources */,
			);
			runOnlyForDeploymentPostprocessing = 0;
		};
/* End PBXSourcesBuildPhase section */

/* Begin PBXTargetDependency section */
		89CA43832924E74F00CD865A /* PBXTargetDependency */ = {
			isa = PBXTargetDependency;
			target = 89CA42FA2915AF0800CD865A /* PokemonTestApp */;
			targetProxy = 89CA43822924E74F00CD865A /* PBXContainerItemProxy */;
		};
/* End PBXTargetDependency section */

/* Begin PBXVariantGroup section */
		89CA430C2915AF0900CD865A /* LaunchScreen.storyboard */ = {
			isa = PBXVariantGroup;
			children = (
				89CA430D2915AF0900CD865A /* Base */,
			);
			name = LaunchScreen.storyboard;
			sourceTree = "<group>";
		};
/* End PBXVariantGroup section */

/* Begin XCBuildConfiguration section */
		89CA43102915AF0900CD865A /* Debug */ = {
			isa = XCBuildConfiguration;
			buildSettings = {
				ALWAYS_SEARCH_USER_PATHS = NO;
				CLANG_ANALYZER_NONNULL = YES;
				CLANG_ANALYZER_NUMBER_OBJECT_CONVERSION = YES_AGGRESSIVE;
				CLANG_CXX_LANGUAGE_STANDARD = "gnu++20";
				CLANG_ENABLE_MODULES = YES;
				CLANG_ENABLE_OBJC_ARC = YES;
				CLANG_ENABLE_OBJC_WEAK = YES;
				CLANG_WARN_BLOCK_CAPTURE_AUTORELEASING = YES;
				CLANG_WARN_BOOL_CONVERSION = YES;
				CLANG_WARN_COMMA = YES;
				CLANG_WARN_CONSTANT_CONVERSION = YES;
				CLANG_WARN_DEPRECATED_OBJC_IMPLEMENTATIONS = YES;
				CLANG_WARN_DIRECT_OBJC_ISA_USAGE = YES_ERROR;
				CLANG_WARN_DOCUMENTATION_COMMENTS = YES;
				CLANG_WARN_EMPTY_BODY = YES;
				CLANG_WARN_ENUM_CONVERSION = YES;
				CLANG_WARN_INFINITE_RECURSION = YES;
				CLANG_WARN_INT_CONVERSION = YES;
				CLANG_WARN_NON_LITERAL_NULL_CONVERSION = YES;
				CLANG_WARN_OBJC_IMPLICIT_RETAIN_SELF = YES;
				CLANG_WARN_OBJC_LITERAL_CONVERSION = YES;
				CLANG_WARN_OBJC_ROOT_CLASS = YES_ERROR;
				CLANG_WARN_QUOTED_INCLUDE_IN_FRAMEWORK_HEADER = YES;
				CLANG_WARN_RANGE_LOOP_ANALYSIS = YES;
				CLANG_WARN_STRICT_PROTOTYPES = YES;
				CLANG_WARN_SUSPICIOUS_MOVE = YES;
				CLANG_WARN_UNGUARDED_AVAILABILITY = YES_AGGRESSIVE;
				CLANG_WARN_UNREACHABLE_CODE = YES;
				CLANG_WARN__DUPLICATE_METHOD_MATCH = YES;
				COPY_PHASE_STRIP = NO;
				DEBUG_INFORMATION_FORMAT = dwarf;
				ENABLE_STRICT_OBJC_MSGSEND = YES;
				ENABLE_TESTABILITY = YES;
				GCC_C_LANGUAGE_STANDARD = gnu11;
				GCC_DYNAMIC_NO_PIC = NO;
				GCC_NO_COMMON_BLOCKS = YES;
				GCC_OPTIMIZATION_LEVEL = 0;
				GCC_PREPROCESSOR_DEFINITIONS = (
					"DEBUG=1",
					"$(inherited)",
				);
				GCC_WARN_64_TO_32_BIT_CONVERSION = YES;
				GCC_WARN_ABOUT_RETURN_TYPE = YES_ERROR;
				GCC_WARN_UNDECLARED_SELECTOR = YES;
				GCC_WARN_UNINITIALIZED_AUTOS = YES_AGGRESSIVE;
				GCC_WARN_UNUSED_FUNCTION = YES;
				GCC_WARN_UNUSED_VARIABLE = YES;
				IPHONEOS_DEPLOYMENT_TARGET = 13.0;
				MTL_ENABLE_DEBUG_INFO = INCLUDE_SOURCE;
				MTL_FAST_MATH = YES;
				ONLY_ACTIVE_ARCH = YES;
				SDKROOT = iphoneos;
				SWIFT_ACTIVE_COMPILATION_CONDITIONS = DEBUG;
				SWIFT_OPTIMIZATION_LEVEL = "-Onone";
			};
			name = Debug;
		};
		89CA43112915AF0900CD865A /* Release */ = {
			isa = XCBuildConfiguration;
			buildSettings = {
				ALWAYS_SEARCH_USER_PATHS = NO;
				CLANG_ANALYZER_NONNULL = YES;
				CLANG_ANALYZER_NUMBER_OBJECT_CONVERSION = YES_AGGRESSIVE;
				CLANG_CXX_LANGUAGE_STANDARD = "gnu++20";
				CLANG_ENABLE_MODULES = YES;
				CLANG_ENABLE_OBJC_ARC = YES;
				CLANG_ENABLE_OBJC_WEAK = YES;
				CLANG_WARN_BLOCK_CAPTURE_AUTORELEASING = YES;
				CLANG_WARN_BOOL_CONVERSION = YES;
				CLANG_WARN_COMMA = YES;
				CLANG_WARN_CONSTANT_CONVERSION = YES;
				CLANG_WARN_DEPRECATED_OBJC_IMPLEMENTATIONS = YES;
				CLANG_WARN_DIRECT_OBJC_ISA_USAGE = YES_ERROR;
				CLANG_WARN_DOCUMENTATION_COMMENTS = YES;
				CLANG_WARN_EMPTY_BODY = YES;
				CLANG_WARN_ENUM_CONVERSION = YES;
				CLANG_WARN_INFINITE_RECURSION = YES;
				CLANG_WARN_INT_CONVERSION = YES;
				CLANG_WARN_NON_LITERAL_NULL_CONVERSION = YES;
				CLANG_WARN_OBJC_IMPLICIT_RETAIN_SELF = YES;
				CLANG_WARN_OBJC_LITERAL_CONVERSION = YES;
				CLANG_WARN_OBJC_ROOT_CLASS = YES_ERROR;
				CLANG_WARN_QUOTED_INCLUDE_IN_FRAMEWORK_HEADER = YES;
				CLANG_WARN_RANGE_LOOP_ANALYSIS = YES;
				CLANG_WARN_STRICT_PROTOTYPES = YES;
				CLANG_WARN_SUSPICIOUS_MOVE = YES;
				CLANG_WARN_UNGUARDED_AVAILABILITY = YES_AGGRESSIVE;
				CLANG_WARN_UNREACHABLE_CODE = YES;
				CLANG_WARN__DUPLICATE_METHOD_MATCH = YES;
				COPY_PHASE_STRIP = NO;
				DEBUG_INFORMATION_FORMAT = "dwarf-with-dsym";
				ENABLE_NS_ASSERTIONS = NO;
				ENABLE_STRICT_OBJC_MSGSEND = YES;
				GCC_C_LANGUAGE_STANDARD = gnu11;
				GCC_NO_COMMON_BLOCKS = YES;
				GCC_WARN_64_TO_32_BIT_CONVERSION = YES;
				GCC_WARN_ABOUT_RETURN_TYPE = YES_ERROR;
				GCC_WARN_UNDECLARED_SELECTOR = YES;
				GCC_WARN_UNINITIALIZED_AUTOS = YES_AGGRESSIVE;
				GCC_WARN_UNUSED_FUNCTION = YES;
				GCC_WARN_UNUSED_VARIABLE = YES;
				IPHONEOS_DEPLOYMENT_TARGET = 13.0;
				MTL_ENABLE_DEBUG_INFO = NO;
				MTL_FAST_MATH = YES;
				SDKROOT = iphoneos;
				SWIFT_COMPILATION_MODE = wholemodule;
				SWIFT_OPTIMIZATION_LEVEL = "-O";
				VALIDATE_PRODUCT = YES;
			};
			name = Release;
		};
		89CA43132915AF0900CD865A /* Debug */ = {
			isa = XCBuildConfiguration;
			baseConfigurationReference = E548DEE7CA66163A11345577 /* Pods-PokemonTestApp.debug.xcconfig */;
			buildSettings = {
				ASSETCATALOG_COMPILER_APPICON_NAME = AppIcon;
				ASSETCATALOG_COMPILER_GLOBAL_ACCENT_COLOR_NAME = AccentColor;
				CODE_SIGN_STYLE = Automatic;
				CURRENT_PROJECT_VERSION = 1;
				DEVELOPMENT_TEAM = 97L2996NM5;
				GCC_SYMBOLS_PRIVATE_EXTERN = NO;
				GENERATE_INFOPLIST_FILE = YES;
				INFOPLIST_FILE = PokemonTestApp/Info.plist;
				INFOPLIST_KEY_CFBundleDisplayName = PokemonTestApp;
				INFOPLIST_KEY_UIApplicationSupportsIndirectInputEvents = YES;
				INFOPLIST_KEY_UILaunchStoryboardName = LaunchScreen;
				INFOPLIST_KEY_UISupportedInterfaceOrientations = UIInterfaceOrientationPortrait;
				INFOPLIST_KEY_UISupportedInterfaceOrientations_iPad = "UIInterfaceOrientationLandscapeLeft UIInterfaceOrientationLandscapeRight UIInterfaceOrientationPortrait UIInterfaceOrientationPortraitUpsideDown";
				IPHONEOS_DEPLOYMENT_TARGET = 13.0;
				LD_RUNPATH_SEARCH_PATHS = (
					"$(inherited)",
					"@executable_path/Frameworks",
				);
				MARKETING_VERSION = 1.0;
				PRODUCT_BUNDLE_IDENTIFIER = com.testapp.PokemonTestApp;
				PRODUCT_NAME = "$(TARGET_NAME)";
				SUPPORTED_PLATFORMS = "iphoneos iphonesimulator";
				SUPPORTS_MACCATALYST = NO;
				SUPPORTS_MAC_DESIGNED_FOR_IPHONE_IPAD = NO;
				SWIFT_EMIT_LOC_STRINGS = YES;
				SWIFT_VERSION = 5.0;
				TARGETED_DEVICE_FAMILY = 1;
			};
			name = Debug;
		};
		89CA43142915AF0900CD865A /* Release */ = {
			isa = XCBuildConfiguration;
			baseConfigurationReference = A10C0C162C5737653CA69B0B /* Pods-PokemonTestApp.release.xcconfig */;
			buildSettings = {
				ASSETCATALOG_COMPILER_APPICON_NAME = AppIcon;
				ASSETCATALOG_COMPILER_GLOBAL_ACCENT_COLOR_NAME = AccentColor;
				CODE_SIGN_STYLE = Automatic;
				CURRENT_PROJECT_VERSION = 1;
				DEVELOPMENT_TEAM = 97L2996NM5;
				GCC_SYMBOLS_PRIVATE_EXTERN = NO;
				GENERATE_INFOPLIST_FILE = YES;
				INFOPLIST_FILE = PokemonTestApp/Info.plist;
				INFOPLIST_KEY_CFBundleDisplayName = PokemonTestApp;
				INFOPLIST_KEY_UIApplicationSupportsIndirectInputEvents = YES;
				INFOPLIST_KEY_UILaunchStoryboardName = LaunchScreen;
				INFOPLIST_KEY_UISupportedInterfaceOrientations = UIInterfaceOrientationPortrait;
				INFOPLIST_KEY_UISupportedInterfaceOrientations_iPad = "UIInterfaceOrientationLandscapeLeft UIInterfaceOrientationLandscapeRight UIInterfaceOrientationPortrait UIInterfaceOrientationPortraitUpsideDown";
				IPHONEOS_DEPLOYMENT_TARGET = 13.0;
				LD_RUNPATH_SEARCH_PATHS = (
					"$(inherited)",
					"@executable_path/Frameworks",
				);
				MARKETING_VERSION = 1.0;
				PRODUCT_BUNDLE_IDENTIFIER = com.testapp.PokemonTestApp;
				PRODUCT_NAME = "$(TARGET_NAME)";
				SUPPORTED_PLATFORMS = "iphoneos iphonesimulator";
				SUPPORTS_MACCATALYST = NO;
				SUPPORTS_MAC_DESIGNED_FOR_IPHONE_IPAD = NO;
				SWIFT_EMIT_LOC_STRINGS = YES;
				SWIFT_VERSION = 5.0;
				TARGETED_DEVICE_FAMILY = 1;
			};
			name = Release;
		};
		89CA43852924E74F00CD865A /* Debug */ = {
			isa = XCBuildConfiguration;
			baseConfigurationReference = C594D7FEF5575C1FA275CED4 /* Pods-PokemonTestAppTests.debug.xcconfig */;
			buildSettings = {
				BUNDLE_LOADER = "$(TEST_HOST)";
				CODE_SIGN_STYLE = Automatic;
				CURRENT_PROJECT_VERSION = 1;
				DEVELOPMENT_TEAM = 97L2996NM5;
				GENERATE_INFOPLIST_FILE = YES;
				IPHONEOS_DEPLOYMENT_TARGET = 13.0;
				MARKETING_VERSION = 1.0;
				PRODUCT_BUNDLE_IDENTIFIER = PokemonTestAppTests;
				PRODUCT_NAME = "$(TARGET_NAME)";
				SUPPORTED_PLATFORMS = "iphoneos iphonesimulator";
				SUPPORTS_MACCATALYST = NO;
				SUPPORTS_MAC_DESIGNED_FOR_IPHONE_IPAD = NO;
				SWIFT_EMIT_LOC_STRINGS = NO;
				SWIFT_VERSION = 5.0;
				TARGETED_DEVICE_FAMILY = 1;
				TEST_HOST = "$(BUILT_PRODUCTS_DIR)/PokemonTestApp.app/$(BUNDLE_EXECUTABLE_FOLDER_PATH)/PokemonTestApp";
			};
			name = Debug;
		};
		89CA43862924E74F00CD865A /* Release */ = {
			isa = XCBuildConfiguration;
			baseConfigurationReference = C1DC9B4BD0EC5EE7F9C72FC3 /* Pods-PokemonTestAppTests.release.xcconfig */;
			buildSettings = {
				BUNDLE_LOADER = "$(TEST_HOST)";
				CODE_SIGN_STYLE = Automatic;
				CURRENT_PROJECT_VERSION = 1;
				DEVELOPMENT_TEAM = 97L2996NM5;
				GENERATE_INFOPLIST_FILE = YES;
				IPHONEOS_DEPLOYMENT_TARGET = 13.0;
				MARKETING_VERSION = 1.0;
				PRODUCT_BUNDLE_IDENTIFIER = PokemonTestAppTests;
				PRODUCT_NAME = "$(TARGET_NAME)";
				SUPPORTED_PLATFORMS = "iphoneos iphonesimulator";
				SUPPORTS_MACCATALYST = NO;
				SUPPORTS_MAC_DESIGNED_FOR_IPHONE_IPAD = NO;
				SWIFT_EMIT_LOC_STRINGS = NO;
				SWIFT_VERSION = 5.0;
				TARGETED_DEVICE_FAMILY = 1;
				TEST_HOST = "$(BUILT_PRODUCTS_DIR)/PokemonTestApp.app/$(BUNDLE_EXECUTABLE_FOLDER_PATH)/PokemonTestApp";
			};
			name = Release;
		};
/* End XCBuildConfiguration section */

/* Begin XCConfigurationList section */
		89CA42F62915AF0800CD865A /* Build configuration list for PBXProject "PokemonTestApp" */ = {
			isa = XCConfigurationList;
			buildConfigurations = (
				89CA43102915AF0900CD865A /* Debug */,
				89CA43112915AF0900CD865A /* Release */,
			);
			defaultConfigurationIsVisible = 0;
			defaultConfigurationName = Release;
		};
		89CA43122915AF0900CD865A /* Build configuration list for PBXNativeTarget "PokemonTestApp" */ = {
			isa = XCConfigurationList;
			buildConfigurations = (
				89CA43132915AF0900CD865A /* Debug */,
				89CA43142915AF0900CD865A /* Release */,
			);
			defaultConfigurationIsVisible = 0;
			defaultConfigurationName = Release;
		};
		89CA43842924E74F00CD865A /* Build configuration list for PBXNativeTarget "PokemonTestAppTests" */ = {
			isa = XCConfigurationList;
			buildConfigurations = (
				89CA43852924E74F00CD865A /* Debug */,
				89CA43862924E74F00CD865A /* Release */,
			);
			defaultConfigurationIsVisible = 0;
			defaultConfigurationName = Release;
		};
/* End XCConfigurationList section */

/* Begin XCVersionGroup section */
		89CA43072915AF0800CD865A /* PokemonTestApp.xcdatamodeld */ = {
			isa = XCVersionGroup;
			children = (
				89CA43082915AF0800CD865A /* PokemonTestApp.xcdatamodel */,
			);
			currentVersion = 89CA43082915AF0800CD865A /* PokemonTestApp.xcdatamodel */;
			path = PokemonTestApp.xcdatamodeld;
			sourceTree = "<group>";
			versionGroupType = wrapper.xcdatamodel;
		};
/* End XCVersionGroup section */
	};
	rootObject = 89CA42F32915AF0800CD865A /* Project object */;
}
